
Microsoft Visual Studio Solution File, Format Version 12.00
Project("{FAE04EC0-301F-11D3-BF4B-00C04F79EFBC}") = "Nuages.Queue", "Nuages.Queue\Nuages.Queue.csproj", "{C1394C0D-AE53-4EDB-9C0F-FB06D369CE44}"
EndProject
Project("{FAE04EC0-301F-11D3-BF4B-00C04F79EFBC}") = "Nuages.Queue.ASQ", "Nuages.Queue.ASQ\Nuages.Queue.ASQ.csproj", "{125DFF8D-2312-4D06-A2A0-070A7A3C242A}"
EndProject
Project("{FAE04EC0-301F-11D3-BF4B-00C04F79EFBC}") = "Nuages.Queue.SQS", "Nuages.Queue.SQS\Nuages.Queue.SQS.csproj", "{E65BE450-29A0-472C-8577-5937E326ABE0}"
EndProject
Project("{FAE04EC0-301F-11D3-BF4B-00C04F79EFBC}") = "Nuages.Queue.SQS.Tests", "Nuages.Queue.SQS.Tests\Nuages.Queue.SQS.Tests.csproj", "{E9D41D2C-0FD8-4502-A1FB-335D0027AEB5}"
EndProject
Project("{2150E333-8FDC-42A3-9474-1A3956D46DE8}") = "Samples", "Samples", "{1BE35F96-7839-44E9-A5C6-FCBC929B2759}"
EndProject
Project("{FAE04EC0-301F-11D3-BF4B-00C04F79EFBC}") = "Nuages.Queue.Samples.SQS.Console", "Nuages.Queue.Samples.SQS.Console\Nuages.Queue.Samples.SQS.Console.csproj", "{8520CA93-80AC-42BF-B77E-5B8BC49FA42C}"
EndProject
Project("{FAE04EC0-301F-11D3-BF4B-00C04F79EFBC}") = "Nuages.Queue.Samples.ASQ.Console", "Nuages.Queue.Samples.ASQ.Console\Nuages.Queue.Samples.ASQ.Console.csproj", "{1C313B84-306B-4F1E-858A-C3B6FDF463FD}"
EndProject
Project("{FAE04EC0-301F-11D3-BF4B-00C04F79EFBC}") = "Nuages.Queue.Samples.Simple.Console", "Nuages.Queue.Samples.Simple.Console\Nuages.Queue.Samples.Simple.Console.csproj", "{0120DACF-902C-46CE-BDD7-7664A4421F96}"
EndProject
Project("{FAE04EC0-301F-11D3-BF4B-00C04F79EFBC}") = "Nuages.Queue.Samples.SQS.Web", "Nuages.Queue.Samples.SQS.Web\Nuages.Queue.Samples.SQS.Web.csproj", "{D6DB34B1-9B7B-4152-BFC1-255D413DC298}"
EndProject
Global
	GlobalSection(SolutionConfigurationPlatforms) = preSolution
		Debug|Any CPU = Debug|Any CPU
		Release|Any CPU = Release|Any CPU
	EndGlobalSection
	GlobalSection(ProjectConfigurationPlatforms) = postSolution
		{C1394C0D-AE53-4EDB-9C0F-FB06D369CE44}.Debug|Any CPU.ActiveCfg = Debug|Any CPU
		{C1394C0D-AE53-4EDB-9C0F-FB06D369CE44}.Debug|Any CPU.Build.0 = Debug|Any CPU
		{C1394C0D-AE53-4EDB-9C0F-FB06D369CE44}.Release|Any CPU.ActiveCfg = Release|Any CPU
		{C1394C0D-AE53-4EDB-9C0F-FB06D369CE44}.Release|Any CPU.Build.0 = Release|Any CPU
		{125DFF8D-2312-4D06-A2A0-070A7A3C242A}.Debug|Any CPU.ActiveCfg = Debug|Any CPU
		{125DFF8D-2312-4D06-A2A0-070A7A3C242A}.Debug|Any CPU.Build.0 = Debug|Any CPU
		{125DFF8D-2312-4D06-A2A0-070A7A3C242A}.Release|Any CPU.ActiveCfg = Release|Any CPU
		{125DFF8D-2312-4D06-A2A0-070A7A3C242A}.Release|Any CPU.Build.0 = Release|Any CPU
		{E65BE450-29A0-472C-8577-5937E326ABE0}.Debug|Any CPU.ActiveCfg = Debug|Any CPU
		{E65BE450-29A0-472C-8577-5937E326ABE0}.Debug|Any CPU.Build.0 = Debug|Any CPU
		{E65BE450-29A0-472C-8577-5937E326ABE0}.Release|Any CPU.ActiveCfg = Release|Any CPU
		{E65BE450-29A0-472C-8577-5937E326ABE0}.Release|Any CPU.Build.0 = Release|Any CPU
		{E9D41D2C-0FD8-4502-A1FB-335D0027AEB5}.Debug|Any CPU.ActiveCfg = Debug|Any CPU
		{E9D41D2C-0FD8-4502-A1FB-335D0027AEB5}.Debug|Any CPU.Build.0 = Debug|Any CPU
		{E9D41D2C-0FD8-4502-A1FB-335D0027AEB5}.Release|Any CPU.ActiveCfg = Release|Any CPU
		{E9D41D2C-0FD8-4502-A1FB-335D0027AEB5}.Release|Any CPU.Build.0 = Release|Any CPU
		{8520CA93-80AC-42BF-B77E-5B8BC49FA42C}.Debug|Any CPU.ActiveCfg = Debug|Any CPU
		{8520CA93-80AC-42BF-B77E-5B8BC49FA42C}.Debug|Any CPU.Build.0 = Debug|Any CPU
		{8520CA93-80AC-42BF-B77E-5B8BC49FA42C}.Release|Any CPU.ActiveCfg = Release|Any CPU
		{8520CA93-80AC-42BF-B77E-5B8BC49FA42C}.Release|Any CPU.Build.0 = Release|Any CPU
		{1C313B84-306B-4F1E-858A-C3B6FDF463FD}.Debug|Any CPU.ActiveCfg = Debug|Any CPU
		{1C313B84-306B-4F1E-858A-C3B6FDF463FD}.Debug|Any CPU.Build.0 = Debug|Any CPU
		{1C313B84-306B-4F1E-858A-C3B6FDF463FD}.Release|Any CPU.ActiveCfg = Release|Any CPU
		{1C313B84-306B-4F1E-858A-C3B6FDF463FD}.Release|Any CPU.Build.0 = Release|Any CPU
		{0120DACF-902C-46CE-BDD7-7664A4421F96}.Debug|Any CPU.ActiveCfg = Debug|Any CPU
		{0120DACF-902C-46CE-BDD7-7664A4421F96}.Debug|Any CPU.Build.0 = Debug|Any CPU
		{0120DACF-902C-46CE-BDD7-7664A4421F96}.Release|Any CPU.ActiveCfg = Release|Any CPU
		{0120DACF-902C-46CE-BDD7-7664A4421F96}.Release|Any CPU.Build.0 = Release|Any CPU
		{D6DB34B1-9B7B-4152-BFC1-255D413DC298}.Debug|Any CPU.ActiveCfg = Debug|Any CPU
		{D6DB34B1-9B7B-4152-BFC1-255D413DC298}.Debug|Any CPU.Build.0 = Debug|Any CPU
		{D6DB34B1-9B7B-4152-BFC1-255D413DC298}.Release|Any CPU.ActiveCfg = Release|Any CPU
		{D6DB34B1-9B7B-4152-BFC1-255D413DC298}.Release|Any CPU.Build.0 = Release|Any CPU
	EndGlobalSection
	GlobalSection(NestedProjects) = preSolution
		{8520CA93-80AC-42BF-B77E-5B8BC49FA42C} = {1BE35F96-7839-44E9-A5C6-FCBC929B2759}
		{1C313B84-306B-4F1E-858A-C3B6FDF463FD} = {1BE35F96-7839-44E9-A5C6-FCBC929B2759}
		{0120DACF-902C-46CE-BDD7-7664A4421F96} = {1BE35F96-7839-44E9-A5C6-FCBC929B2759}
		{D6DB34B1-9B7B-4152-BFC1-255D413DC298} = {1BE35F96-7839-44E9-A5C6-FCBC929B2759}
	EndGlobalSection
EndGlobal
